{
  "lockfileVersion": 1,
  "configVersion": 1,
  "workspaces": {
    "": {
      "name": "daemon",
      "dependencies": {
        "@ff-labs/fff-bun": "^0.10.6",
      },
      "devDependencies": {
        "@types/bun": "latest",
      },
      "peerDependencies": {
        "typescript": "^5",
      },
    },
  },
  "packages": {
    "@ff-labs/fff-bin-android-arm64": ["@ff-labs/fff-bin-android-arm64@0.10.6", "", { "os": "android", "cpu": "arm64" }, "sha512-hGOo0wlxdhObNdK9lTNhNIrzOs99l352E0QqglD/3H1B6LsSVoVHxNeR09RmiSoIM1lOJ+FnkpXOJ5EZXSGl0w=="],

    "@ff-labs/fff-bin-darwin-arm64": ["@ff-labs/fff-bin-darwin-arm64@0.10.6", "", { "os": "darwin", "cpu": "arm64" }, "sha512-Y0A1f9/UHYg0ej35rnt8Q2A2DMbBzRa4Fc9WpoBST/oVvWOQ7v5JF5ko7NAapOFM0N5oaB9oey1Hsshs6LIyYA=="],

    "@ff-labs/fff-bin-darwin-x64": ["@ff-labs/fff-bin-darwin-x64@0.10.6", "", { "os": "darwin", "cpu": "x64" }, "sha512-qQnmQWnotuOne10vtVHoMKTxCSANaJ3a/cegBKvfN8cZCr4b4Vtg51APADh8U3AwsI/k61rJQgjy6BqdBYj3cw=="],

    "@ff-labs/fff-bin-linux-arm64-gnu": ["@ff-labs/fff-bin-linux-arm64-gnu@0.10.6", "", { "os": "linux", "cpu": "arm64" }, "sha512-JwfgfwL4V0+tJCc1HW3In++1c+EZLix0ecV/k4b+8DyzSGh3GPZB1i7F4JXQFHVibs71mLeFEJO4owglullZNw=="],

    "@ff-labs/fff-bin-linux-arm64-musl": ["@ff-labs/fff-bin-linux-arm64-musl@0.10.6", "", { "os": "linux", "cpu": "arm64" }, "sha512-g0ggmohZiVkNQsNho1r6I06sk8jlKmb8gzmmgL8HeDcaxyiZnxQrqxHmvwROP7T0scEbZGSOle/gyyqfcBRvjg=="],

    "@ff-labs/fff-bin-linux-x64-gnu": ["@ff-labs/fff-bin-linux-x64-gnu@0.10.6", "", { "os": "linux", "cpu": "x64" }, "sha512-oC8Tlg/+aNbdfEkj4QtVCbrqYUEjQZkP/e1KLwv142+dwjgxHQKQGSIKB67IvP07DKazvUG/0I0YR91dP/ClLA=="],

    "@ff-labs/fff-bin-linux-x64-musl": ["@ff-labs/fff-bin-linux-x64-musl@0.10.6", "", { "os": "linux", "cpu": "x64" }, "sha512-voj2gFq6knjzXKNy2k7EyqoXizv/VZbJ6bfq7enMI5T+tCM0cKlSEjwlBOMaVj+cxrh6fSb5vnnPjhBSuZcxmA=="],

    "@ff-labs/fff-bin-win32-arm64": ["@ff-labs/fff-bin-win32-arm64@0.10.6", "", { "os": "win32", "cpu": "arm64" }, "sha512-GFfA21vuxcyqZZ2pSq7V5ClAKIVrWLulK5h93wjUc308zyxApY2luJdyIBHtw93UTkJQ079mRMPIthkeCEEn9A=="],

    "@ff-labs/fff-bin-win32-x64": ["@ff-labs/fff-bin-win32-x64@0.10.6", "", { "os": "win32", "cpu": "x64" }, "sha512-EjOHtxRNmZnjrNx2fahiAhP2wLDad6tlLL3cIk3snEzHpP30VygZMcuq3u8fNBZOeHgEPGRnqkfhILQDyblvJQ=="],

    "@ff-labs/fff-bun": ["@ff-labs/fff-bun@0.10.6", "", { "optionalDependencies": { "@ff-labs/fff-bin-android-arm64": "0.10.6", "@ff-labs/fff-bin-darwin-arm64": "0.10.6", "@ff-labs/fff-bin-darwin-x64": "0.10.6", "@ff-labs/fff-bin-linux-arm64-gnu": "0.10.6", "@ff-labs/fff-bin-linux-arm64-musl": "0.10.6", "@ff-labs/fff-bin-linux-x64-gnu": "0.10.6", "@ff-labs/fff-bin-linux-x64-musl": "0.10.6", "@ff-labs/fff-bin-win32-arm64": "0.10.6", "@ff-labs/fff-bin-win32-x64": "0.10.6" }, "os": [ "!aix", "!sunos", "!freebsd", "!openbsd", ], "cpu": [ "x64", "arm64", ] }, "sha512-ShRbXQ9kSIYom5IRpq6d0DE0RUWKIbXhtERPu3q5UN7387IO4gpSYNeBo85IEqD1yqgq86KyKeFJcAliY7RGNg=="],

    "@types/bun": ["@types/bun@1.4.2", "", { "dependencies": { "bun-types": "1.4.2" } }, "sha512-GimotNn7+ZV0uVArItBbriZsR1oNf0+WTzPkdcFrzShI7k2norL0uzEaJT8T33dWr7O/c9ZDuAFQrctKCi72oQ=="],

    "@types/node": ["@types/node@26.5.0", "", { "dependencies": { "undici-types": "~8.9.0" } }, "sha512-dVSGpriSoCgz8WnDNTuSSuSv1PC/ALXihO4ulRZt7Md8k9mlbdin3lGOcDE8SnWOgf513ByWlXd7BK4azmyg/A=="],

    "bun-types": ["bun-types@1.4.2", "", { "dependencies": { "@types/node": "*" } }, "sha512-bxV1FgK7yBIzjRe5zBozIM4Bem11ZJcCXSrjWRG3YWLt8yFDePu4cLjpebO8OvPeIE9trbyPF4fuj3Cia4Fj3w=="],

    "typescript": ["typescript@5.9.3", "", { "bin": { "tsc": "bin/tsc", "tsserver": "bin/tsserver" } }, "sha512-jl1vZzPDinLr9eUt3J/t7V6FgNEw9QjvBPdysz9KfQDD41fQrC2Y4vKQdiaUpFT4bXlb1RHhLpp8wtm6M5TgSw=="],

    "undici-types": ["undici-types@8.9.0", "", {}, "sha512-KTDyRTYX8sWmKXAikPHHSyc63CRPETMctyjKFupcC6OBLXT3xsN0e9aF7m+mIXutFWpUXuedtowG7iLOzp0kQg=="],
  }
}
